// !$*UTF8*$!
{
	archiveVersion = 1;
	classes = {
	};
	objectVersion = 50;
	objects = {

/* Begin PBXBuildFile section */
		989FEE5B2579CC5F003A9AD2 /* Bff_demoApp.swift in Sources */ = {isa = PBXBuildFile; fileRef = 989FEE5A2579CC5F003A9AD2 /* Bff_demoApp.swift */; };
		989FEE5D2579CC5F003A9AD2 /* ContentView.swift in Sources */ = {isa = PBXBuildFile; fileRef = 989FEE5C2579CC5F003A9AD2 /* ContentView.swift */; };
		989FEE5F2579CC60003A9AD2 /* Assets.xcassets in Resources */ = {isa = PBXBuildFile; fileRef = 989FEE5E2579CC60003A9AD2 /* Assets.xcassets */; };
		989FEE622579CC60003A9AD2 /* Preview Assets.xcassets in Resources */ = {isa = PBXBuildFile; fileRef = 989FEE612579CC60003A9AD2 /* Preview Assets.xcassets */; };
		989FEE6C2579CF65003A9AD2 /* Category.swift in Sources */ = {isa = PBXBuildFile; fileRef = 989FEE6B2579CF65003A9AD2 /* Category.swift */; };
		989FEE712579DB9A003A9AD2 /* HTTPClient.swift in Sources */ = {isa = PBXBuildFile; fileRef = 989FEE702579DB9A003A9AD2 /* HTTPClient.swift */; };
/* End PBXBuildFile section */

/* Begin PBXFileReference section */
		989FEE572579CC5F003A9AD2 /* Bff-demo.app */ = {isa = PBXFileReference; explicitFileType = wrapper.application; includeInIndex = 0; path = "Bff-demo.app"; sourceTree = BUILT_PRODUCTS_DIR; };
		989FEE5A2579CC5F003A9AD2 /* Bff_demoApp.swift */ = {isa = PBXFileReference; lastKnownFileType = sourcecode.swift; path = Bff_demoApp.swift; sourceTree = "<group>"; };
		989FEE5C2579CC5F003A9AD2 /* ContentView.swift */ = {isa = PBXFileReference; lastKnownFileType = sourcecode.swift; path = ContentView.swift; sourceTree = "<group>"; };
		989FEE5E2579CC60003A9AD2 /* Assets.xcassets */ = {isa = PBXFileReference; lastKnownFileType = folder.assetcatalog; path = Assets.xcassets; sourceTree = "<group>"; };
		989FEE612579CC60003A9AD2 /* Preview Assets.xcassets */ = {isa = PBXFileReference; lastKnownFileType = folder.assetcatalog; path = "Preview Assets.xcassets"; sourceTree = "<group>"; };
		989FEE632579CC60003A9AD2 /* Info.plist */ = {isa = PBXFileReference; lastKnownFileType = text.plist.xml; path = Info.plist; sourceTree = "<group>"; };
		989FEE6B2579CF65003A9AD2 /* Category.swift */ = {isa = PBXFileReference; lastKnownFileType = sourcecode.swift; path = Category.swift; sourceTree = "<group>"; };
		989FEE702579DB9A003A9AD2 /* HTTPClient.swift */ = {isa = PBXFileReference; lastKnownFileType = sourcecode.swift; path = HTTPClient.swift; sourceTree = "<group>"; };
/* End PBXFileReference section */

/* Begin PBXFrameworksBuildPhase section */
		989FEE542579CC5F003A9AD2 /* Frameworks */ = {
			isa = PBXFrameworksBuildPhase;
			buildActionMask = 2147483647;
			files = (
			);
			runOnlyForDeploymentPostprocessing = 0;
		};
/* End PBXFrameworksBuildPhase section */

/* Begin PBXGroup section */
		989FEE4E2579CC5F003A9AD2 = {
			isa = PBXGroup;
			children = (
				989FEE592579CC5F003A9AD2 /* Bff-demo */,
				989FEE582579CC5F003A9AD2 /* Products */,
			);
			sourceTree = "<group>";
		};
		989FEE582579CC5F003A9AD2 /* Products */ = {
			isa = PBXGroup;
			children = (
				989FEE572579CC5F003A9AD2 /* Bff-demo.app */,
			);
			name = Products;
			sourceTree = "<group>";
		};
		989FEE592579CC5F003A9AD2 /* Bff-demo */ = {
			isa = PBXGroup;
			children = (
				989FEE6F2579DB85003A9AD2 /* Services */,
				989FEE6A2579CF39003A9AD2 /* Models */,
				989FEE5A2579CC5F003A9AD2 /* Bff_demoApp.swift */,
				989FEE5C2579CC5F003A9AD2 /* ContentView.swift */,
				989FEE5E2579CC60003A9AD2 /* Assets.xcassets */,
				989FEE632579CC60003A9AD2 /* Info.plist */,
				989FEE602579CC60003A9AD2 /* Preview Content */,
			);
			path = "Bff-demo";
			sourceTree = "<group>";
		};
		989FEE602579CC60003A9AD2 /* Preview Content */ = {
			isa = PBXGroup;
			children = (
				989FEE612579CC60003A9AD2 /* Preview Assets.xcassets */,
			);
			path = "Preview Content";
			sourceTree = "<group>";
		};
		989FEE6A2579CF39003A9AD2 /* Models */ = {
			isa = PBXGroup;
			children = (
				989FEE6B2579CF65003A9AD2 /* Category.swift */,
			);
			path = Models;
			sourceTree = "<group>";
		};
		989FEE6F2579DB85003A9AD2 /* Services */ = {
			isa = PBXGroup;
			children = (
				989FEE702579DB9A003A9AD2 /* HTTPClient.swift */,
			);
			path = Services;
			sourceTree = "<group>";
		};
/* End PBXGroup section */

/* Begin PBXNativeTarget section */
		989FEE562579CC5F003A9AD2 /* Bff-demo */ = {
			isa = PBXNativeTarget;
			buildConfigurationList = 989FEE662579CC60003A9AD2 /* Build configuration list for PBXNativeTarget "Bff-demo" */;
			buildPhases = (
				989FEE532579CC5F003A9AD2 /* Sources */,
				989FEE542579CC5F003A9AD2 /* Frameworks */,
				989FEE552579CC5F003A9AD2 /* Resources */,
			);
			buildRules = (
			);
			dependencies = (
			);
			name = "Bff-demo";
			productName = "Bff-demo";
			productReference = 989FEE572579CC5F003A9AD2 /* Bff-demo.app */;
			productType = "com.apple.product-type.application";
		};
/* End PBXNativeTarget section */

/* Begin PBXProject section */
		989FEE4F2579CC5F003A9AD2 /* Project object */ = {
			isa = PBXProject;
			attributes = {
				LastSwiftUpdateCheck = 1200;
				LastUpgradeCheck = 1200;
				TargetAttributes = {
					989FEE562579CC5F003A9AD2 = {
						CreatedOnToolsVersion = 12.0.1;
					};
				};
			};
			buildConfigurationList = 989FEE522579CC5F003A9AD2 /* Build configuration list for PBXProject "Bff-demo" */;
			compatibilityVersion = "Xcode 9.3";
			developmentRegion = en;
			hasScannedForEncodings = 0;
			knownRegions = (
				en,
				Base,
			);
			mainGroup = 989FEE4E2579CC5F003A9AD2;
			productRefGroup = 989FEE582579CC5F003A9AD2 /* Products */;
			projectDirPath = "";
			projectRoot = "";
			targets = (
				989FEE562579CC5F003A9AD2 /* Bff-demo */,
			);
		};
/* End PBXProject section */

/* Begin PBXResourcesBuildPhase section */
		989FEE552579CC5F003A9AD2 /* Resources */ = {
			isa = PBXResourcesBuildPhase;
			buildActionMask = 2147483647;
			files = (
				989FEE622579CC60003A9AD2 /* Preview Assets.xcassets in Resources */,
				989FEE5F2579CC60003A9AD2 /* Assets.xcassets in Resources */,
			);
			runOnlyForDeploymentPostprocessing = 0;
		};
/* End PBXResourcesBuildPhase section */

/* Begin PBXSourcesBuildPhase section */
		989FEE532579CC5F003A9AD2 /* Sources */ = {
			isa = PBXSourcesBuildPhase;
			buildActionMask = 2147483647;
			files = (
				989FEE5D2579CC5F003A9AD2 /* ContentView.swift in Sources */,
				989FEE5B2579CC5F003A9AD2 /* Bff_demoApp.swift in Sources */,
				989FEE712579DB9A003A9AD2 /* HTTPClient.swift in Sources */,
				989FEE6C2579CF65003A9AD2 /* Category.swift in Sources */,
			);
			runOnlyForDeploymentPostprocessing = 0;
		};
/* End PBXSourcesBuildPhase section */

/* Begin XCBuildConfiguration section */
		989FEE642579CC60003A9AD2 /* Debug */ = {
			isa = XCBuildConfiguration;
			buildSettings = {
				ALWAYS_SEARCH_USER_PATHS = NO;
				CLANG_ANALYZER_NONNULL = YES;
				CLANG_ANALYZER_NUMBER_OBJECT_CONVERSION = YES_AGGRESSIVE;
				CLANG_CXX_LANGUAGE_STANDARD = "gnu++14";
				CLANG_CXX_LIBRARY = "libc++";
				CLANG_ENABLE_MODULES = YES;
				CLANG_ENABLE_OBJC_ARC = YES;
				CLANG_ENABLE_OBJC_WEAK = YES;
				CLANG_WARN_BLOCK_CAPTURE_AUTORELEASING = YES;
				CLANG_WARN_BOOL_CONVERSION = YES;
				CLANG_WARN_COMMA = YES;
				CLANG_WARN_CONSTANT_CONVERSION = YES;
				CLANG_WARN_DEPRECATED_OBJC_IMPLEMENTATIONS = YES;
				CLANG_WARN_DIRECT_OBJC_ISA_USAGE = YES_ERROR;
				CLANG_WARN_DOCUMENTATION_COMMENTS = YES;
				CLANG_WARN_EMPTY_BODY = YES;
				CLANG_WARN_ENUM_CONVERSION = YES;
				CLANG_WARN_INFINITE_RECURSION = YES;
				CLANG_WARN_INT_CONVERSION = YES;
				CLANG_WARN_NON_LITERAL_NULL_CONVERSION = YES;
				CLANG_WARN_OBJC_IMPLICIT_RETAIN_SELF = YES;
				CLANG_WARN_OBJC_LITERAL_CONVERSION = YES;
				CLANG_WARN_OBJC_ROOT_CLASS = YES_ERROR;
				CLANG_WARN_QUOTED_INCLUDE_IN_FRAMEWORK_HEADER = YES;
				CLANG_WARN_RANGE_LOOP_ANALYSIS = YES;
				CLANG_WARN_STRICT_PROTOTYPES = YES;
				CLANG_WARN_SUSPICIOUS_MOVE = YES;
				CLANG_WARN_UNGUARDED_AVAILABILITY = YES_AGGRESSIVE;
				CLANG_WARN_UNREACHABLE_CODE = YES;
				CLANG_WARN__DUPLICATE_METHOD_MATCH = YES;
				COPY_PHASE_STRIP = NO;
				DEBUG_INFORMATION_FORMAT = dwarf;
				ENABLE_STRICT_OBJC_MSGSEND = YES;
				ENABLE_TESTABILITY = YES;
				GCC_C_LANGUAGE_STANDARD = gnu11;
				GCC_DYNAMIC_NO_PIC = NO;
				GCC_NO_COMMON_BLOCKS = YES;
				GCC_OPTIMIZATION_LEVEL = 0;
				GCC_PREPROCESSOR_DEFINITIONS = (
					"DEBUG=1",
					"$(inherited)",
				);
				GCC_WARN_64_TO_32_BIT_CONVERSION = YES;
				GCC_WARN_ABOUT_RETURN_TYPE = YES_ERROR;
				GCC_WARN_UNDECLARED_SELECTOR = YES;
				GCC_WARN_UNINITIALIZED_AUTOS = YES_AGGRESSIVE;
				GCC_WARN_UNUSED_FUNCTION = YES;
				GCC_WARN_UNUSED_VARIABLE = YES;
				IPHONEOS_DEPLOYMENT_TARGET = 14.0;
				MTL_ENABLE_DEBUG_INFO = INCLUDE_SOURCE;
				MTL_FAST_MATH = YES;
				ONLY_ACTIVE_ARCH = YES;
				SDKROOT = iphoneos;
				SWIFT_ACTIVE_COMPILATION_CONDITIONS = DEBUG;
				SWIFT_OPTIMIZATION_LEVEL = "-Onone";
			};
			name = Debug;
		};
		989FEE652579CC60003A9AD2 /* Release */ = {
			isa = XCBuildConfiguration;
			buildSettings = {
				ALWAYS_SEARCH_USER_PATHS = NO;
				CLANG_ANALYZER_NONNULL = YES;
				CLANG_ANALYZER_NUMBER_OBJECT_CONVERSION = YES_AGGRESSIVE;
				CLANG_CXX_LANGUAGE_STANDARD = "gnu++14";
				CLANG_CXX_LIBRARY = "libc++";
				CLANG_ENABLE_MODULES = YES;
				CLANG_ENABLE_OBJC_ARC = YES;
				CLANG_ENABLE_OBJC_WEAK = YES;
				CLANG_WARN_BLOCK_CAPTURE_AUTORELEASING = YES;
				CLANG_WARN_BOOL_CONVERSION = YES;
				CLANG_WARN_COMMA = YES;
				CLANG_WARN_CONSTANT_CONVERSION = YES;
				CLANG_WARN_DEPRECATED_OBJC_IMPLEMENTATIONS = YES;
				CLANG_WARN_DIRECT_OBJC_ISA_USAGE = YES_ERROR;
				CLANG_WARN_DOCUMENTATION_COMMENTS = YES;
				CLANG_WARN_EMPTY_BODY = YES;
				CLANG_WARN_ENUM_CONVERSION = YES;
				CLANG_WARN_INFINITE_RECURSION = YES;
				CLANG_WARN_INT_CONVERSION = YES;
				CLANG_WARN_NON_LITERAL_NULL_CONVERSION = YES;
				CLANG_WARN_OBJC_IMPLICIT_RETAIN_SELF = YES;
				CLANG_WARN_OBJC_LITERAL_CONVERSION = YES;
				CLANG_WARN_OBJC_ROOT_CLASS = YES_ERROR;
				CLANG_WARN_QUOTED_INCLUDE_IN_FRAMEWORK_HEADER = YES;
				CLANG_WARN_RANGE_LOOP_ANALYSIS = YES;
				CLANG_WARN_STRICT_PROTOTYPES = YES;
				CLANG_WARN_SUSPICIOUS_MOVE = YES;
				CLANG_WARN_UNGUARDED_AVAILABILITY = YES_AGGRESSIVE;
				CLANG_WARN_UNREACHABLE_CODE = YES;
				CLANG_WARN__DUPLICATE_METHOD_MATCH = YES;
				COPY_PHASE_STRIP = NO;
				DEBUG_INFORMATION_FORMAT = "dwarf-with-dsym";
				ENABLE_NS_ASSERTIONS = NO;
				ENABLE_STRICT_OBJC_MSGSEND = YES;
				GCC_C_LANGUAGE_STANDARD = gnu11;
				GCC_NO_COMMON_BLOCKS = YES;
				GCC_WARN_64_TO_32_BIT_CONVERSION = YES;
				GCC_WARN_ABOUT_RETURN_TYPE = YES_ERROR;
				GCC_WARN_UNDECLARED_SELECTOR = YES;
				GCC_WARN_UNINITIALIZED_AUTOS = YES_AGGRESSIVE;
				GCC_WARN_UNUSED_FUNCTION = YES;
				GCC_WARN_UNUSED_VARIABLE = YES;
				IPHONEOS_DEPLOYMENT_TARGET = 14.0;
				MTL_ENABLE_DEBUG_INFO = NO;
				MTL_FAST_MATH = YES;
				SDKROOT = iphoneos;
				SWIFT_COMPILATION_MODE = wholemodule;
				SWIFT_OPTIMIZATION_LEVEL = "-O";
				VALIDATE_PRODUCT = YES;
			};
			name = Release;
		};
		989FEE672579CC60003A9AD2 /* Debug */ = {
			isa = XCBuildConfiguration;
			buildSettings = {
				ASSETCATALOG_COMPILER_APPICON_NAME = AppIcon;
				ASSETCATALOG_COMPILER_GLOBAL_ACCENT_COLOR_NAME = AccentColor;
				CODE_SIGN_STYLE = Automatic;
				DEVELOPMENT_ASSET_PATHS = "\"Bff-demo/Preview Content\"";
				ENABLE_PREVIEWS = YES;
				INFOPLIST_FILE = "Bff-demo/Info.plist";
				IPHONEOS_DEPLOYMENT_TARGET = 14.0;
				LD_RUNPATH_SEARCH_PATHS = (
					"$(inherited)",
					"@executable_path/Frameworks",
				);
				PRODUCT_BUNDLE_IDENTIFIER = "constLaf.Bff-demo";
				PRODUCT_NAME = "$(TARGET_NAME)";
				SWIFT_VERSION = 5.0;
				TARGETED_DEVICE_FAMILY = "1,2";
			};
			name = Debug;
		};
		989FEE682579CC60003A9AD2 /* Release */ = {
			isa = XCBuildConfiguration;
			buildSettings = {
				ASSETCATALOG_COMPILER_APPICON_NAME = AppIcon;
				ASSETCATALOG_COMPILER_GLOBAL_ACCENT_COLOR_NAME = AccentColor;
				CODE_SIGN_STYLE = Automatic;
				DEVELOPMENT_ASSET_PATHS = "\"Bff-demo/Preview Content\"";
				ENABLE_PREVIEWS = YES;
				INFOPLIST_FILE = "Bff-demo/Info.plist";
				IPHONEOS_DEPLOYMENT_TARGET = 14.0;
				LD_RUNPATH_SEARCH_PATHS = (
					"$(inherited)",
					"@executable_path/Frameworks",
				);
				PRODUCT_BUNDLE_IDENTIFIER = "constLaf.Bff-demo";
				PRODUCT_NAME = "$(TARGET_NAME)";
				SWIFT_VERSION = 5.0;
				TARGETED_DEVICE_FAMILY = "1,2";
			};
			name = Release;
		};
/* End XCBuildConfiguration section */

/* Begin XCConfigurationList section */
		989FEE522579CC5F003A9AD2 /* Build configuration list for PBXProject "Bff-demo" */ = {
			isa = XCConfigurationList;
			buildConfigurations = (
				989FEE642579CC60003A9AD2 /* Debug */,
				989FEE652579CC60003A9AD2 /* Release */,
			);
			defaultConfigurationIsVisible = 0;
			defaultConfigurationName = Release;
		};
		989FEE662579CC60003A9AD2 /* Build configuration list for PBXNativeTarget "Bff-demo" */ = {
			isa = XCConfigurationList;
			buildConfigurations = (
				989FEE672579CC60003A9AD2 /* Debug */,
				989FEE682579CC60003A9AD2 /* Release */,
			);
			defaultConfigurationIsVisible = 0;
			defaultConfigurationName = Release;
		};
/* End XCConfigurationList section */
	};
	rootObject = 989FEE4F2579CC5F003A9AD2 /* Project object */;
}
